{
  "name": "week2",
  "version": "1.0.0",
  "lockfileVersion": 1,
  "requires": true,
  "dependencies": {
    "accidental-value": {
      "version": "1.0.0",
      "resolved": "https://registry.npmjs.org/accidental-value/-/accidental-value-1.0.0.tgz",
      "integrity": "sha1-nQh1Oozl+KfgtJFXnvXB4BiJ6A8="
    },
    "note-staff-position": {
      "version": "1.0.0",
      "resolved": "https://registry.npmjs.org/note-staff-position/-/note-staff-position-1.0.0.tgz",
      "integrity": "sha1-CNgo3d3HswVM3cXiyd8Adof5YJU="
    },
    "notecoord": {
      "version": "1.1.0",
      "resolved": "https://registry.npmjs.org/notecoord/-/notecoord-1.1.0.tgz",
      "integrity": "sha1-icQqt7tXlqKfPH+t6YJcUJ2PHtE="
    },
    "scientific-notation": {
      "version": "1.0.2",
      "resolved": "https://registry.npmjs.org/scientific-notation/-/scientific-notation-1.0.2.tgz",
      "integrity": "sha1-zOo5VP4ql502QcljrNmeVzNjkYI=",
      "requires": {
        "accidental-value": "^1.0.0",
        "notecoord": "^1.0.1"
      }
    }
  }
}
